// !$*UTF8*$!
{
	archiveVersion = 1;
	classes = {
	};
	objectVersion = 77;
	objects = {

/* Begin PBXContainerItemProxy section */
		04AA01B12DF13A5E006C8BD5 /* PBXContainerItemProxy */ = {
			isa = PBXContainerItemProxy;
			containerPortal = 04AA01922DF13A5B006C8BD5 /* Project object */;
			proxyType = 1;
			remoteGlobalIDString = 04AA01992DF13A5B006C8BD5;
			remoteInfo = StringCalculator;
		};
		04AA01BB2DF13A5E006C8BD5 /* PBXContainerItemProxy */ = {
			isa = PBXContainerItemProxy;
			containerPortal = 04AA01922DF13A5B006C8BD5 /* Project object */;
			proxyType = 1;
			remoteGlobalIDString = 04AA01992DF13A5B006C8BD5;
			remoteInfo = StringCalculator;
		};
/* End PBXContainerItemProxy section */

/* Begin PBXFileReference section */
		04AA019A2DF13A5B006C8BD5 /* StringCalculator.app */ = {isa = PBXFileReference; explicitFileType = wrapper.application; includeInIndex = 0; path = StringCalculator.app; sourceTree = BUILT_PRODUCTS_DIR; };
		04AA01B02DF13A5E006C8BD5 /* StringCalculatorTests.xctest */ = {isa = PBXFileReference; explicitFileType = wrapper.cfbundle; includeInIndex = 0; path = StringCalculatorTests.xctest; sourceTree = BUILT_PRODUCTS_DIR; };
		04AA01BA2DF13A5E006C8BD5 /* StringCalculatorUITests.xctest */ = {isa = PBXFileReference; explicitFileType = wrapper.cfbundle; includeInIndex = 0; path = StringCalculatorUITests.xctest; sourceTree = BUILT_PRODUCTS_DIR; };
/* End PBXFileReference section */

/* Begin PBXFileSystemSynchronizedBuildFileExceptionSet section */
		04AA01EC2DF15A1C006C8BD5 /* Exceptions for "StringCalculator" folder in "StringCalculator" target */ = {
			isa = PBXFileSystemSynchronizedBuildFileExceptionSet;
			membershipExceptions = (
				Resources/Info.plist,
			);
			target = 04AA01992DF13A5B006C8BD5 /* StringCalculator */;
		};
/* End PBXFileSystemSynchronizedBuildFileExceptionSet section */

/* Begin PBXFileSystemSynchronizedRootGroup section */
		04AA019C2DF13A5B006C8BD5 /* StringCalculator */ = {
			isa = PBXFileSystemSynchronizedRootGroup;
			exceptions = (
				04AA01EC2DF15A1C006C8BD5 /* Exceptions for "StringCalculator" folder in "StringCalculator" target */,
			);
			path = StringCalculator;
			sourceTree = "<group>";
		};
		04AA01B32DF13A5E006C8BD5 /* StringCalculatorTests */ = {
			isa = PBXFileSystemSynchronizedRootGroup;
			path = StringCalculatorTests;
			sourceTree = "<group>";
		};
		04AA01BD2DF13A5E006C8BD5 /* StringCalculatorUITests */ = {
			isa = PBXFileSystemSynchronizedRootGroup;
			path = StringCalculatorUITests;
			sourceTree = "<group>";
		};
/* End PBXFileSystemSynchronizedRootGroup section */

/* Begin PBXFrameworksBuildPhase section */
		04AA01972DF13A5B006C8BD5 /* Frameworks */ = {
			isa = PBXFrameworksBuildPhase;
			buildActionMask = 2147483647;
			files = (
			);
			runOnlyForDeploymentPostprocessing = 0;
		};
		04AA01AD2DF13A5E006C8BD5 /* Frameworks */ = {
			isa = PBXFrameworksBuildPhase;
			buildActionMask = 2147483647;
			files = (
			);
			runOnlyForDeploymentPostprocessing = 0;
		};
		04AA01B72DF13A5E006C8BD5 /* Frameworks */ = {
			isa = PBXFrameworksBuildPhase;
			buildActionMask = 2147483647;
			files = (
			);
			runOnlyForDeploymentPostprocessing = 0;
		};
/* End PBXFrameworksBuildPhase section */

/* Begin PBXGroup section */
		04AA01912DF13A5B006C8BD5 = {
			isa = PBXGroup;
			children = (
				04AA019C2DF13A5B006C8BD5 /* StringCalculator */,
				04AA01B32DF13A5E006C8BD5 /* StringCalculatorTests */,
				04AA01BD2DF13A5E006C8BD5 /* StringCalculatorUITests */,
				04AA019B2DF13A5B006C8BD5 /* Products */,
			);
			sourceTree = "<group>";
		};
		04AA019B2DF13A5B006C8BD5 /* Products */ = {
			isa = PBXGroup;
			children = (
				04AA019A2DF13A5B006C8BD5 /* StringCalculator.app */,
				04AA01B02DF13A5E006C8BD5 /* StringCalculatorTests.xctest */,
				04AA01BA2DF13A5E006C8BD5 /* StringCalculatorUITests.xctest */,
			);
			name = Products;
			sourceTree = "<group>";
		};
/* End PBXGroup section */

/* Begin PBXNativeTarget section */
		04AA01992DF13A5B006C8BD5 /* StringCalculator */ = {
			isa = PBXNativeTarget;
			buildConfigurationList = 04AA01C32DF13A5E006C8BD5 /* Build configuration list for PBXNativeTarget "StringCalculator" */;
			buildPhases = (
				04AA01962DF13A5B006C8BD5 /* Sources */,
				04AA01972DF13A5B006C8BD5 /* Frameworks */,
				04AA01982DF13A5B006C8BD5 /* Resources */,
			);
			buildRules = (
			);
			dependencies = (
			);
			fileSystemSynchronizedGroups = (
				04AA019C2DF13A5B006C8BD5 /* StringCalculator */,
			);
			name = StringCalculator;
			packageProductDependencies = (
			);
			productName = StringCalculator;
			productReference = 04AA019A2DF13A5B006C8BD5 /* StringCalculator.app */;
			productType = "com.apple.product-type.application";
		};
		04AA01AF2DF13A5E006C8BD5 /* StringCalculatorTests */ = {
			isa = PBXNativeTarget;
			buildConfigurationList = 04AA01C82DF13A5E006C8BD5 /* Build configuration list for PBXNativeTarget "StringCalculatorTests" */;
			buildPhases = (
				04AA01AC2DF13A5E006C8BD5 /* Sources */,
				04AA01AD2DF13A5E006C8BD5 /* Frameworks */,
				04AA01AE2DF13A5E006C8BD5 /* Resources */,
			);
			buildRules = (
			);
			dependencies = (
				04AA01B22DF13A5E006C8BD5 /* PBXTargetDependency */,
			);
			fileSystemSynchronizedGroups = (
				04AA01B32DF13A5E006C8BD5 /* StringCalculatorTests */,
			);
			name = StringCalculatorTests;
			packageProductDependencies = (
			);
			productName = StringCalculatorTests;
			productReference = 04AA01B02DF13A5E006C8BD5 /* StringCalculatorTests.xctest */;
			productType = "com.apple.product-type.bundle.unit-test";
		};
		04AA01B92DF13A5E006C8BD5 /* StringCalculatorUITests */ = {
			isa = PBXNativeTarget;
			buildConfigurationList = 04AA01CB2DF13A5E006C8BD5 /* Build configuration list for PBXNativeTarget "StringCalculatorUITests" */;
			buildPhases = (
				04AA01B62DF13A5E006C8BD5 /* Sources */,
				04AA01B72DF13A5E006C8BD5 /* Frameworks */,
				04AA01B82DF13A5E006C8BD5 /* Resources */,
			);
			buildRules = (
			);
			dependencies = (
				04AA01BC2DF13A5E006C8BD5 /* PBXTargetDependency */,
			);
			fileSystemSynchronizedGroups = (
				04AA01BD2DF13A5E006C8BD5 /* StringCalculatorUITests */,
			);
			name = StringCalculatorUITests;
			packageProductDependencies = (
			);
			productName = StringCalculatorUITests;
			productReference = 04AA01BA2DF13A5E006C8BD5 /* StringCalculatorUITests.xctest */;
			productType = "com.apple.product-type.bundle.ui-testing";
		};
/* End PBXNativeTarget section */

/* Begin PBXProject section */
		04AA01922DF13A5B006C8BD5 /* Project object */ = {
			isa = PBXProject;
			attributes = {
				BuildIndependentTargetsInParallel = 1;
				LastSwiftUpdateCheck = 1640;
				LastUpgradeCheck = 1640;
				TargetAttributes = {
					04AA01992DF13A5B006C8BD5 = {
						CreatedOnToolsVersion = 16.4;
					};
					04AA01AF2DF13A5E006C8BD5 = {
						CreatedOnToolsVersion = 16.4;
						TestTargetID = 04AA01992DF13A5B006C8BD5;
					};
					04AA01B92DF13A5E006C8BD5 = {
						CreatedOnToolsVersion = 16.4;
						TestTargetID = 04AA01992DF13A5B006C8BD5;
					};
				};
			};
			buildConfigurationList = 04AA01952DF13A5B006C8BD5 /* Build configuration list for PBXProject "StringCalculator" */;
			developmentRegion = en;
			hasScannedForEncodings = 0;
			knownRegions = (
				en,
				Base,
			);
			mainGroup = 04AA01912DF13A5B006C8BD5;
			minimizedProjectReferenceProxies = 1;
			preferredProjectObjectVersion = 77;
			productRefGroup = 04AA019B2DF13A5B006C8BD5 /* Products */;
			projectDirPath = "";
			projectRoot = "";
			targets = (
				04AA01992DF13A5B006C8BD5 /* StringCalculator */,
				04AA01AF2DF13A5E006C8BD5 /* StringCalculatorTests */,
				04AA01B92DF13A5E006C8BD5 /* StringCalculatorUITests */,
			);
		};
/* End PBXProject section */

/* Begin PBXResourcesBuildPhase section */
		04AA01982DF13A5B006C8BD5 /* Resources */ = {
			isa = PBXResourcesBuildPhase;
			buildActionMask = 2147483647;
			files = (
			);
			runOnlyForDeploymentPostprocessing = 0;
		};
		04AA01AE2DF13A5E006C8BD5 /* Resources */ = {
			isa = PBXResourcesBuildPhase;
			buildActionMask = 2147483647;
			files = (
			);
			runOnlyForDeploymentPostprocessing = 0;
		};
		04AA01B82DF13A5E006C8BD5 /* Resources */ = {
			isa = PBXResourcesBuildPhase;
			buildActionMask = 2147483647;
			files = (
			);
			runOnlyForDeploymentPostprocessing = 0;
		};
/* End PBXResourcesBuildPhase section */

/* Begin PBXSourcesBuildPhase section */
		04AA01962DF13A5B006C8BD5 /* Sources */ = {
			isa = PBXSourcesBuildPhase;
			buildActionMask = 2147483647;
			files = (
			);
			runOnlyForDeploymentPostprocessing = 0;
		};
		04AA01AC2DF13A5E006C8BD5 /* Sources */ = {
			isa = PBXSourcesBuildPhase;
			buildActionMask = 2147483647;
			files = (
			);
			runOnlyForDeploymentPostprocessing = 0;
		};
		04AA01B62DF13A5E006C8BD5 /* Sources */ = {
			isa = PBXSourcesBuildPhase;
			buildActionMask = 2147483647;
			files = (
			);
			runOnlyForDeploymentPostprocessing = 0;
		};
/* End PBXSourcesBuildPhase section */

/* Begin PBXTargetDependency section */
		04AA01B22DF13A5E006C8BD5 /* PBXTargetDependency */ = {
			isa = PBXTargetDependency;
			target = 04AA01992DF13A5B006C8BD5 /* StringCalculator */;
			targetProxy = 04AA01B12DF13A5E006C8BD5 /* PBXContainerItemProxy */;
		};
		04AA01BC2DF13A5E006C8BD5 /* PBXTargetDependency */ = {
			isa = PBXTargetDependency;
			target = 04AA01992DF13A5B006C8BD5 /* StringCalculator */;
			targetProxy = 04AA01BB2DF13A5E006C8BD5 /* PBXContainerItemProxy */;
		};
/* End PBXTargetDependency section */

/* Begin XCBuildConfiguration section */
		04AA01C42DF13A5E006C8BD5 /* Debug */ = {
			isa = XCBuildConfiguration;
			buildSettings = {
				ASSETCATALOG_COMPILER_APPICON_NAME = AppIcon;
				ASSETCATALOG_COMPILER_GLOBAL_ACCENT_COLOR_NAME = AccentColor;
				CODE_SIGN_STYLE = Automatic;
				CURRENT_PROJECT_VERSION = 1;
				GENERATE_INFOPLIST_FILE = YES;
				INFOPLIST_FILE = StringCalculator/Info.plist;
				INFOPLIST_KEY_UIApplicationSupportsIndirectInputEvents = YES;
				INFOPLIST_KEY_UILaunchStoryboardName = LaunchScreen;
				INFOPLIST_KEY_UIMainStoryboardFile = Main;
				INFOPLIST_KEY_UISupportedInterfaceOrientations_iPad = "UIInterfaceOrientationPortrait UIInterfaceOrientationPortraitUpsideDown UIInterfaceOrientationLandscapeLeft UIInterfaceOrientationLandscapeRight";
				INFOPLIST_KEY_UISupportedInterfaceOrientations_iPhone = "UIInterfaceOrientationPortrait UIInterfaceOrientationLandscapeLeft UIInterfaceOrientationLandscapeRight";
				LD_RUNPATH_SEARCH_PATHS = (
					"$(inherited)",
					"@executable_path/Frameworks",
				);
				MARKETING_VERSION = 1.0;
				PRODUCT_BUNDLE_IDENTIFIER = vijay.StringCalculator;
				PRODUCT_NAME = "$(TARGET_NAME)";
				SWIFT_EMIT_LOC_STRINGS = YES;
				SWIFT_VERSION = 5.0;
				TARGETED_DEVICE_FAMILY = "1,2";
			};
			name = Debug;
		};
		04AA01C52DF13A5E006C8BD5 /* Release */ = {
			isa = XCBuildConfiguration;
			buildSettings = {
				ASSETCATALOG_COMPILER_APPICON_NAME = AppIcon;
				ASSETCATALOG_COMPILER_GLOBAL_ACCENT_COLOR_NAME = AccentColor;
				CODE_SIGN_STYLE = Automatic;
				CURRENT_PROJECT_VERSION = 1;
				GENERATE_INFOPLIST_FILE = YES;
				INFOPLIST_FILE = StringCalculator/Info.plist;
				INFOPLIST_KEY_UIApplicationSupportsIndirectInputEvents = YES;
				INFOPLIST_KEY_UILaunchStoryboardName = LaunchScreen;
				INFOPLIST_KEY_UIMainStoryboardFile = Main;
				INFOPLIST_KEY_UISupportedInterfaceOrientations_iPad = "UIInterfaceOrientationPortrait UIInterfaceOrientationPortraitUpsideDown UIInterfaceOrientationLandscapeLeft UIInterfaceOrientationLandscapeRight";
				INFOPLIST_KEY_UISupportedInterfaceOrientations_iPhone = "UIInterfaceOrientationPortrait UIInterfaceOrientationLandscapeLeft UIInterfaceOrientationLandscapeRight";
				LD_RUNPATH_SEARCH_PATHS = (
					"$(inherited)",
					"@executable_path/Frameworks",
				);
				MARKETING_VERSION = 1.0;
				PRODUCT_BUNDLE_IDENTIFIER = vijay.StringCalculator;
				PRODUCT_NAME = "$(TARGET_NAME)";
				SWIFT_EMIT_LOC_STRINGS = YES;
				SWIFT_VERSION = 5.0;
				TARGETED_DEVICE_FAMILY = "1,2";
			};
			name = Release;
		};
		04AA01C62DF13A5E006C8BD5 /* Debug */ = {
			isa = XCBuildConfiguration;
			buildSettings = {
				ALWAYS_SEARCH_USER_PATHS = NO;
				ASSETCATALOG_COMPILER_GENERATE_SWIFT_ASSET_SYMBOL_EXTENSIONS = YES;
				CLANG_ANALYZER_NONNULL = YES;
				CLANG_ANALYZER_NUMBER_OBJECT_CONVERSION = YES_AGGRESSIVE;
				CLANG_CXX_LANGUAGE_STANDARD = "gnu++20";
				CLANG_ENABLE_MODULES = YES;
				CLANG_ENABLE_OBJC_ARC = YES;
				CLANG_ENABLE_OBJC_WEAK = YES;
				CLANG_WARN_BLOCK_CAPTURE_AUTORELEASING = YES;
				CLANG_WARN_BOOL_CONVERSION = YES;
				CLANG_WARN_COMMA = YES;
				CLANG_WARN_CONSTANT_CONVERSION = YES;
				CLANG_WARN_DEPRECATED_OBJC_IMPLEMENTATIONS = YES;
				CLANG_WARN_DIRECT_OBJC_ISA_USAGE = YES_ERROR;
				CLANG_WARN_DOCUMENTATION_COMMENTS = YES;
				CLANG_WARN_EMPTY_BODY = YES;
				CLANG_WARN_ENUM_CONVERSION = YES;
				CLANG_WARN_INFINITE_RECURSION = YES;
				CLANG_WARN_INT_CONVERSION = YES;
				CLANG_WARN_NON_LITERAL_NULL_CONVERSION = YES;
				CLANG_WARN_OBJC_IMPLICIT_RETAIN_SELF = YES;
				CLANG_WARN_OBJC_LITERAL_CONVERSION = YES;
				CLANG_WARN_OBJC_ROOT_CLASS = YES_ERROR;
				CLANG_WARN_QUOTED_INCLUDE_IN_FRAMEWORK_HEADER = YES;
				CLANG_WARN_RANGE_LOOP_ANALYSIS = YES;
				CLANG_WARN_STRICT_PROTOTYPES = YES;
				CLANG_WARN_SUSPICIOUS_MOVE = YES;
				CLANG_WARN_UNGUARDED_AVAILABILITY = YES_AGGRESSIVE;
				CLANG_WARN_UNREACHABLE_CODE = YES;
				CLANG_WARN__DUPLICATE_METHOD_MATCH = YES;
				COPY_PHASE_STRIP = NO;
				DEBUG_INFORMATION_FORMAT = dwarf;
				ENABLE_STRICT_OBJC_MSGSEND = YES;
				ENABLE_TESTABILITY = YES;
				ENABLE_USER_SCRIPT_SANDBOXING = YES;
				GCC_C_LANGUAGE_STANDARD = gnu17;
				GCC_DYNAMIC_NO_PIC = NO;
				GCC_NO_COMMON_BLOCKS = YES;
				GCC_OPTIMIZATION_LEVEL = 0;
				GCC_PREPROCESSOR_DEFINITIONS = (
					"DEBUG=1",
					"$(inherited)",
				);
				GCC_WARN_64_TO_32_BIT_CONVERSION = YES;
				GCC_WARN_ABOUT_RETURN_TYPE = YES_ERROR;
				GCC_WARN_UNDECLARED_SELECTOR = YES;
				GCC_WARN_UNINITIALIZED_AUTOS = YES_AGGRESSIVE;
				GCC_WARN_UNUSED_FUNCTION = YES;
				GCC_WARN_UNUSED_VARIABLE = YES;
				IPHONEOS_DEPLOYMENT_TARGET = 18.5;
				LOCALIZATION_PREFERS_STRING_CATALOGS = YES;
				MTL_ENABLE_DEBUG_INFO = INCLUDE_SOURCE;
				MTL_FAST_MATH = YES;
				ONLY_ACTIVE_ARCH = YES;
				SDKROOT = iphoneos;
				SWIFT_ACTIVE_COMPILATION_CONDITIONS = "DEBUG $(inherited)";
				SWIFT_OPTIMIZATION_LEVEL = "-Onone";
			};
			name = Debug;
		};
		04AA01C72DF13A5E006C8BD5 /* Release */ = {
			isa = XCBuildConfiguration;
			buildSettings = {
				ALWAYS_SEARCH_USER_PATHS = NO;
				ASSETCATALOG_COMPILER_GENERATE_SWIFT_ASSET_SYMBOL_EXTENSIONS = YES;
				CLANG_ANALYZER_NONNULL = YES;
				CLANG_ANALYZER_NUMBER_OBJECT_CONVERSION = YES_AGGRESSIVE;
				CLANG_CXX_LANGUAGE_STANDARD = "gnu++20";
				CLANG_ENABLE_MODULES = YES;
				CLANG_ENABLE_OBJC_ARC = YES;
				CLANG_ENABLE_OBJC_WEAK = YES;
				CLANG_WARN_BLOCK_CAPTURE_AUTORELEASING = YES;
				CLANG_WARN_BOOL_CONVERSION = YES;
				CLANG_WARN_COMMA = YES;
				CLANG_WARN_CONSTANT_CONVERSION = YES;
				CLANG_WARN_DEPRECATED_OBJC_IMPLEMENTATIONS = YES;
				CLANG_WARN_DIRECT_OBJC_ISA_USAGE = YES_ERROR;
				CLANG_WARN_DOCUMENTATION_COMMENTS = YES;
				CLANG_WARN_EMPTY_BODY = YES;
				CLANG_WARN_ENUM_CONVERSION = YES;
				CLANG_WARN_INFINITE_RECURSION = YES;
				CLANG_WARN_INT_CONVERSION = YES;
				CLANG_WARN_NON_LITERAL_NULL_CONVERSION = YES;
				CLANG_WARN_OBJC_IMPLICIT_RETAIN_SELF = YES;
				CLANG_WARN_OBJC_LITERAL_CONVERSION = YES;
				CLANG_WARN_OBJC_ROOT_CLASS = YES_ERROR;
				CLANG_WARN_QUOTED_INCLUDE_IN_FRAMEWORK_HEADER = YES;
				CLANG_WARN_RANGE_LOOP_ANALYSIS = YES;
				CLANG_WARN_STRICT_PROTOTYPES = YES;
				CLANG_WARN_SUSPICIOUS_MOVE = YES;
				CLANG_WARN_UNGUARDED_AVAILABILITY = YES_AGGRESSIVE;
				CLANG_WARN_UNREACHABLE_CODE = YES;
				CLANG_WARN__DUPLICATE_METHOD_MATCH = YES;
				COPY_PHASE_STRIP = NO;
				DEBUG_INFORMATION_FORMAT = "dwarf-with-dsym";
				ENABLE_NS_ASSERTIONS = NO;
				ENABLE_STRICT_OBJC_MSGSEND = YES;
				ENABLE_USER_SCRIPT_SANDBOXING = YES;
				GCC_C_LANGUAGE_STANDARD = gnu17;
				GCC_NO_COMMON_BLOCKS = YES;
				GCC_WARN_64_TO_32_BIT_CONVERSION = YES;
				GCC_WARN_ABOUT_RETURN_TYPE = YES_ERROR;
				GCC_WARN_UNDECLARED_SELECTOR = YES;
				GCC_WARN_UNINITIALIZED_AUTOS = YES_AGGRESSIVE;
				GCC_WARN_UNUSED_FUNCTION = YES;
				GCC_WARN_UNUSED_VARIABLE = YES;
				IPHONEOS_DEPLOYMENT_TARGET = 18.5;
				LOCALIZATION_PREFERS_STRING_CATALOGS = YES;
				MTL_ENABLE_DEBUG_INFO = NO;
				MTL_FAST_MATH = YES;
				SDKROOT = iphoneos;
				SWIFT_COMPILATION_MODE = wholemodule;
				VALIDATE_PRODUCT = YES;
			};
			name = Release;
		};
		04AA01C92DF13A5E006C8BD5 /* Debug */ = {
			isa = XCBuildConfiguration;
			buildSettings = {
				BUNDLE_LOADER = "$(TEST_HOST)";
				CODE_SIGN_STYLE = Automatic;
				CURRENT_PROJECT_VERSION = 1;
				GENERATE_INFOPLIST_FILE = YES;
				IPHONEOS_DEPLOYMENT_TARGET = 18.5;
				MARKETING_VERSION = 1.0;
				PRODUCT_BUNDLE_IDENTIFIER = vijay.StringCalculatorTests;
				PRODUCT_NAME = "$(TARGET_NAME)";
				SWIFT_EMIT_LOC_STRINGS = NO;
				SWIFT_VERSION = 5.0;
				TARGETED_DEVICE_FAMILY = "1,2";
				TEST_HOST = "$(BUILT_PRODUCTS_DIR)/StringCalculator.app/$(BUNDLE_EXECUTABLE_FOLDER_PATH)/StringCalculator";
			};
			name = Debug;
		};
		04AA01CA2DF13A5E006C8BD5 /* Release */ = {
			isa = XCBuildConfiguration;
			buildSettings = {
				BUNDLE_LOADER = "$(TEST_HOST)";
				CODE_SIGN_STYLE = Automatic;
				CURRENT_PROJECT_VERSION = 1;
				GENERATE_INFOPLIST_FILE = YES;
				IPHONEOS_DEPLOYMENT_TARGET = 18.5;
				MARKETING_VERSION = 1.0;
				PRODUCT_BUNDLE_IDENTIFIER = vijay.StringCalculatorTests;
				PRODUCT_NAME = "$(TARGET_NAME)";
				SWIFT_EMIT_LOC_STRINGS = NO;
				SWIFT_VERSION = 5.0;
				TARGETED_DEVICE_FAMILY = "1,2";
				TEST_HOST = "$(BUILT_PRODUCTS_DIR)/StringCalculator.app/$(BUNDLE_EXECUTABLE_FOLDER_PATH)/StringCalculator";
			};
			name = Release;
		};
		04AA01CC2DF13A5E006C8BD5 /* Debug */ = {
			isa = XCBuildConfiguration;
			buildSettings = {
				CODE_SIGN_STYLE = Automatic;
				CURRENT_PROJECT_VERSION = 1;
				GENERATE_INFOPLIST_FILE = YES;
				MARKETING_VERSION = 1.0;
				PRODUCT_BUNDLE_IDENTIFIER = vijay.StringCalculatorUITests;
				PRODUCT_NAME = "$(TARGET_NAME)";
				SWIFT_EMIT_LOC_STRINGS = NO;
				SWIFT_VERSION = 5.0;
				TARGETED_DEVICE_FAMILY = "1,2";
				TEST_TARGET_NAME = StringCalculator;
			};
			name = Debug;
		};
		04AA01CD2DF13A5E006C8BD5 /* Release */ = {
			isa = XCBuildConfiguration;
			buildSettings = {
				CODE_SIGN_STYLE = Automatic;
				CURRENT_PROJECT_VERSION = 1;
				GENERATE_INFOPLIST_FILE = YES;
				MARKETING_VERSION = 1.0;
				PRODUCT_BUNDLE_IDENTIFIER = vijay.StringCalculatorUITests;
				PRODUCT_NAME = "$(TARGET_NAME)";
				SWIFT_EMIT_LOC_STRINGS = NO;
				SWIFT_VERSION = 5.0;
				TARGETED_DEVICE_FAMILY = "1,2";
				TEST_TARGET_NAME = StringCalculator;
			};
			name = Release;
		};
/* End XCBuildConfiguration section */

/* Begin XCConfigurationList section */
		04AA01952DF13A5B006C8BD5 /* Build configuration list for PBXProject "StringCalculator" */ = {
			isa = XCConfigurationList;
			buildConfigurations = (
				04AA01C62DF13A5E006C8BD5 /* Debug */,
				04AA01C72DF13A5E006C8BD5 /* Release */,
			);
			defaultConfigurationIsVisible = 0;
			defaultConfigurationName = Release;
		};
		04AA01C32DF13A5E006C8BD5 /* Build configuration list for PBXNativeTarget "StringCalculator" */ = {
			isa = XCConfigurationList;
			buildConfigurations = (
				04AA01C42DF13A5E006C8BD5 /* Debug */,
				04AA01C52DF13A5E006C8BD5 /* Release */,
			);
			defaultConfigurationIsVisible = 0;
			defaultConfigurationName = Release;
		};
		04AA01C82DF13A5E006C8BD5 /* Build configuration list for PBXNativeTarget "StringCalculatorTests" */ = {
			isa = XCConfigurationList;
			buildConfigurations = (
				04AA01C92DF13A5E006C8BD5 /* Debug */,
				04AA01CA2DF13A5E006C8BD5 /* Release */,
			);
			defaultConfigurationIsVisible = 0;
			defaultConfigurationName = Release;
		};
		04AA01CB2DF13A5E006C8BD5 /* Build configuration list for PBXNativeTarget "StringCalculatorUITests" */ = {
			isa = XCConfigurationList;
			buildConfigurations = (
				04AA01CC2DF13A5E006C8BD5 /* Debug */,
				04AA01CD2DF13A5E006C8BD5 /* Release */,
			);
			defaultConfigurationIsVisible = 0;
			defaultConfigurationName = Release;
		};
/* End XCConfigurationList section */
	};
	rootObject = 04AA01922DF13A5B006C8BD5 /* Project object */;
}
